
Microsoft Visual Studio Solution File, Format Version 12.00
# Visual Studio Version 17
VisualStudioVersion = 17.5.33516.290
MinimumVisualStudioVersion = 10.0.40219.1
Project("{9A19103F-16F7-4668-BE54-9A1E7A4F7556}") = "FinalProject", "FinalProject\FinalProject.csproj", "{FCF1B65D-D34C-4640-B47D-CEC37E34E3B9}"
EndProject
Project("{9A19103F-16F7-4668-BE54-9A1E7A4F7556}") = "DatabaseConnector", "DatabaseConnector\DatabaseConnector.csproj", "{6540F914-7059-4BEC-9B75-2FDEA1393A67}"
EndProject
Global
	GlobalSection(SolutionConfigurationPlatforms) = preSolution
		Debug|Any CPU = Debug|Any CPU
		Release|Any CPU = Release|Any CPU
	EndGlobalSection
	GlobalSection(ProjectConfigurationPlatforms) = postSolution
		{FCF1B65D-D34C-4640-B47D-CEC37E34E3B9}.Debug|Any CPU.ActiveCfg = Debug|Any CPU
		{FCF1B65D-D34C-4640-B47D-CEC37E34E3B9}.Debug|Any CPU.Build.0 = Debug|Any CPU
		{FCF1B65D-D34C-4640-B47D-CEC37E34E3B9}.Release|Any CPU.ActiveCfg = Release|Any CPU
		{FCF1B65D-D34C-4640-B47D-CEC37E34E3B9}.Release|Any CPU.Build.0 = Release|Any CPU
		{6540F914-7059-4BEC-9B75-2FDEA1393A67}.Debug|Any CPU.ActiveCfg = Debug|Any CPU
		{6540F914-7059-4BEC-9B75-2FDEA1393A67}.Debug|Any CPU.Build.0 = Debug|Any CPU
		{6540F914-7059-4BEC-9B75-2FDEA1393A67}.Release|Any CPU.ActiveCfg = Release|Any CPU
		{6540F914-7059-4BEC-9B75-2FDEA1393A67}.Release|Any CPU.Build.0 = Release|Any CPU
	EndGlobalSection
	GlobalSection(SolutionProperties) = preSolution
		HideSolutionNode = FALSE
	EndGlobalSection
	GlobalSection(ExtensibilityGlobals) = postSolution
		SolutionGuid = {675B58C5-2071-4BC1-90F2-166146201B87}
	EndGlobalSection
EndGlobal
